
Microsoft Visual Studio Solution File, Format Version 11.00
# Visual Studio 2010
# SharpDevelop 5.1
Project("{FAE04EC0-301F-11D3-BF4B-00C04F79EFBC}") = "WindowsResourcesCollector", "WindowsResourcesCollector\WindowsResourcesCollector.csproj", "{7A4759AB-83E9-43AD-9B0D-0E74D7D8103F}"
EndProject
Global
	GlobalSection(SolutionConfigurationPlatforms) = preSolution
		Debug|Any CPU = Debug|Any CPU
		Release|Any CPU = Release|Any CPU
	EndGlobalSection
	GlobalSection(ProjectConfigurationPlatforms) = postSolution
		{7A4759AB-83E9-43AD-9B0D-0E74D7D8103F}.Debug|Any CPU.ActiveCfg = Debug|Any CPU
		{7A4759AB-83E9-43AD-9B0D-0E74D7D8103F}.Debug|Any CPU.Build.0 = Debug|Any CPU
		{7A4759AB-83E9-43AD-9B0D-0E74D7D8103F}.Release|Any CPU.ActiveCfg = Release|Any CPU
		{7A4759AB-83E9-43AD-9B0D-0E74D7D8103F}.Release|Any CPU.Build.0 = Release|Any CPU
	EndGlobalSection
EndGlobal
